
Microsoft Visual Studio Solution File, Format Version 11.00
# Visual Studio 2010
Project("{FAE04EC0-301F-11D3-BF4B-00C04F79EFBC}") = "BlackWhiteRed", "BlackWhiteRed\BlackWhiteRed.csproj", "{1F83E958-1687-49EB-ACF9-CE58251CCCBC}"
EndProject
Global
	GlobalSection(SolutionConfigurationPlatforms) = preSolution
		Debug|x86 = Debug|x86
		Release|x86 = Release|x86
	EndGlobalSection
	GlobalSection(ProjectConfigurationPlatforms) = postSolution
		{1F83E958-1687-49EB-ACF9-CE58251CCCBC}.Debug|x86.ActiveCfg = Debug|x86
		{1F83E958-1687-49EB-ACF9-CE58251CCCBC}.Debug|x86.Build.0 = Debug|x86
		{1F83E958-1687-49EB-ACF9-CE58251CCCBC}.Release|x86.ActiveCfg = Release|x86
		{1F83E958-1687-49EB-ACF9-CE58251CCCBC}.Release|x86.Build.0 = Release|x86
	EndGlobalSection
	GlobalSection(SolutionProperties) = preSolution
		HideSolutionNode = FALSE
	EndGlobalSection
EndGlobal
